
Microsoft Visual Studio Solution File, Format Version 11.00
# Visual Studio 2010
Project("{8BC9CEB8-8B4A-11D0-8D11-00A0C91BC942}") = "opencvTest", "opencvTest\opencvTest.vcxproj", "{DEF7C7DD-1F07-479E-8A0D-B58DCD698DAA}"
EndProject
Global
	GlobalSection(SolutionConfigurationPlatforms) = preSolution
		Debug|Win32 = Debug|Win32
		Release|Win32 = Release|Win32
	EndGlobalSection
	GlobalSection(ProjectConfigurationPlatforms) = postSolution
		{DEF7C7DD-1F07-479E-8A0D-B58DCD698DAA}.Debug|Win32.ActiveCfg = Debug|Win32
		{DEF7C7DD-1F07-479E-8A0D-B58DCD698DAA}.Debug|Win32.Build.0 = Debug|Win32
		{DEF7C7DD-1F07-479E-8A0D-B58DCD698DAA}.Release|Win32.ActiveCfg = Release|Win32
		{DEF7C7DD-1F07-479E-8A0D-B58DCD698DAA}.Release|Win32.Build.0 = Release|Win32
	EndGlobalSection
	GlobalSection(SolutionProperties) = preSolution
		HideSolutionNode = FALSE
	EndGlobalSection
EndGlobal
